
Microsoft Visual Studio Solution File, Format Version 12.00
# Visual Studio Version 16
VisualStudioVersion = 16.0.31729.503
MinimumVisualStudioVersion = 10.0.40219.1
Project("{FAE04EC0-301F-11D3-BF4B-00C04F79EFBC}") = "SpaceSoldier2", "SpaceSoldier2\SpaceSoldier2.csproj", "{C643E715-F79F-4280-A2F3-8266FB828A9C}"
EndProject
Global
	GlobalSection(SolutionConfigurationPlatforms) = preSolution
		Debug|Any CPU = Debug|Any CPU
		Release|Any CPU = Release|Any CPU
	EndGlobalSection
	GlobalSection(ProjectConfigurationPlatforms) = postSolution
		{C643E715-F79F-4280-A2F3-8266FB828A9C}.Debug|Any CPU.ActiveCfg = Debug|Any CPU
		{C643E715-F79F-4280-A2F3-8266FB828A9C}.Debug|Any CPU.Build.0 = Debug|Any CPU
		{C643E715-F79F-4280-A2F3-8266FB828A9C}.Release|Any CPU.ActiveCfg = Release|Any CPU
		{C643E715-F79F-4280-A2F3-8266FB828A9C}.Release|Any CPU.Build.0 = Release|Any CPU
	EndGlobalSection
	GlobalSection(SolutionProperties) = preSolution
		HideSolutionNode = FALSE
	EndGlobalSection
	GlobalSection(ExtensibilityGlobals) = postSolution
		SolutionGuid = {66D736B6-F423-4A30-A6DF-6434A849A3D6}
	EndGlobalSection
EndGlobal
